// !$*UTF8*$!
{
	archiveVersion = 1;
	classes = {
	};
	objectVersion = 55;
	objects = {

/* Begin PBXBuildFile section */
		2B34DF8A27CD5FB0007C59FF /* AppDelegate.swift in Sources */ = {isa = PBXBuildFile; fileRef = 2B34DF8927CD5FB0007C59FF /* AppDelegate.swift */; };
		2B34DF8C27CD5FB0007C59FF /* SceneDelegate.swift in Sources */ = {isa = PBXBuildFile; fileRef = 2B34DF8B27CD5FB0007C59FF /* SceneDelegate.swift */; };
		2B34DF8E27CD5FB0007C59FF /* ViewController.swift in Sources */ = {isa = PBXBuildFile; fileRef = 2B34DF8D27CD5FB0007C59FF /* ViewController.swift */; };
		2B34DF9127CD5FB0007C59FF /* Main.storyboard in Resources */ = {isa = PBXBuildFile; fileRef = 2B34DF8F27CD5FB0007C59FF /* Main.storyboard */; };
		2B34DF9327CD5FB1007C59FF /* Assets.xcassets in Resources */ = {isa = PBXBuildFile; fileRef = 2B34DF9227CD5FB1007C59FF /* Assets.xcassets */; };
		2B34DF9627CD5FB1007C59FF /* LaunchScreen.storyboard in Resources */ = {isa = PBXBuildFile; fileRef = 2B34DF9427CD5FB1007C59FF /* LaunchScreen.storyboard */; };
		2B34DFA127CD5FB1007C59FF /* ParstagramTests.swift in Sources */ = {isa = PBXBuildFile; fileRef = 2B34DFA027CD5FB1007C59FF /* ParstagramTests.swift */; };
		2B34DFAB27CD5FB1007C59FF /* ParstagramUITests.swift in Sources */ = {isa = PBXBuildFile; fileRef = 2B34DFAA27CD5FB1007C59FF /* ParstagramUITests.swift */; };
		2B34DFAD27CD5FB1007C59FF /* ParstagramUITestsLaunchTests.swift in Sources */ = {isa = PBXBuildFile; fileRef = 2B34DFAC27CD5FB1007C59FF /* ParstagramUITestsLaunchTests.swift */; };
		2B34DFBA27CD92F6007C59FF /* LoginViewController.swift in Sources */ = {isa = PBXBuildFile; fileRef = 2B34DFB927CD92F6007C59FF /* LoginViewController.swift */; };
		2B54418227CDCDB200ABAC5D /* CameraViewController.swift in Sources */ = {isa = PBXBuildFile; fileRef = 2B54418127CDCDB200ABAC5D /* CameraViewController.swift */; };
		2B66D9F227CD96A60047F9A8 /* FeedViewController.swift in Sources */ = {isa = PBXBuildFile; fileRef = 2B66D9F127CD96A60047F9A8 /* FeedViewController.swift */; };
		33D7276B1387D1990A451518 /* Pods_Parstagram.framework in Frameworks */ = {isa = PBXBuildFile; fileRef = 08AAB06F02298F9B090DE5DA /* Pods_Parstagram.framework */; };
		41C637FCCA0D361F983D82B5 /* Pods_ParstagramTests.framework in Frameworks */ = {isa = PBXBuildFile; fileRef = 1D2ECEC08FB7529C45E9F222 /* Pods_ParstagramTests.framework */; };
		E4B44390F884EB4A0E03EA09 /* Pods_Parstagram_ParstagramUITests.framework in Frameworks */ = {isa = PBXBuildFile; fileRef = DDB782ADF2174A51CB6EC94B /* Pods_Parstagram_ParstagramUITests.framework */; };
/* End PBXBuildFile section */

/* Begin PBXContainerItemProxy section */
		2B34DF9D27CD5FB1007C59FF /* PBXContainerItemProxy */ = {
			isa = PBXContainerItemProxy;
			containerPortal = 2B34DF7E27CD5FB0007C59FF /* Project object */;
			proxyType = 1;
			remoteGlobalIDString = 2B34DF8527CD5FB0007C59FF;
			remoteInfo = Parstagram;
		};
		2B34DFA727CD5FB1007C59FF /* PBXContainerItemProxy */ = {
			isa = PBXContainerItemProxy;
			containerPortal = 2B34DF7E27CD5FB0007C59FF /* Project object */;
			proxyType = 1;
			remoteGlobalIDString = 2B34DF8527CD5FB0007C59FF;
			remoteInfo = Parstagram;
		};
/* End PBXContainerItemProxy section */

/* Begin PBXFileReference section */
		08AAB06F02298F9B090DE5DA /* Pods_Parstagram.framework */ = {isa = PBXFileReference; explicitFileType = wrapper.framework; includeInIndex = 0; path = Pods_Parstagram.framework; sourceTree = BUILT_PRODUCTS_DIR; };
		1D2ECEC08FB7529C45E9F222 /* Pods_ParstagramTests.framework */ = {isa = PBXFileReference; explicitFileType = wrapper.framework; includeInIndex = 0; path = Pods_ParstagramTests.framework; sourceTree = BUILT_PRODUCTS_DIR; };
		2B34DF8627CD5FB0007C59FF /* Parstagram.app */ = {isa = PBXFileReference; explicitFileType = wrapper.application; includeInIndex = 0; path = Parstagram.app; sourceTree = BUILT_PRODUCTS_DIR; };
		2B34DF8927CD5FB0007C59FF /* AppDelegate.swift */ = {isa = PBXFileReference; lastKnownFileType = sourcecode.swift; path = AppDelegate.swift; sourceTree = "<group>"; };
		2B34DF8B27CD5FB0007C59FF /* SceneDelegate.swift */ = {isa = PBXFileReference; lastKnownFileType = sourcecode.swift; path = SceneDelegate.swift; sourceTree = "<group>"; };
		2B34DF8D27CD5FB0007C59FF /* ViewController.swift */ = {isa = PBXFileReference; lastKnownFileType = sourcecode.swift; path = ViewController.swift; sourceTree = "<group>"; };
		2B34DF9027CD5FB0007C59FF /* Base */ = {isa = PBXFileReference; lastKnownFileType = file.storyboard; name = Base; path = Base.lproj/Main.storyboard; sourceTree = "<group>"; };
		2B34DF9227CD5FB1007C59FF /* Assets.xcassets */ = {isa = PBXFileReference; lastKnownFileType = folder.assetcatalog; path = Assets.xcassets; sourceTree = "<group>"; };
		2B34DF9527CD5FB1007C59FF /* Base */ = {isa = PBXFileReference; lastKnownFileType = file.storyboard; name = Base; path = Base.lproj/LaunchScreen.storyboard; sourceTree = "<group>"; };
		2B34DF9727CD5FB1007C59FF /* Info.plist */ = {isa = PBXFileReference; lastKnownFileType = text.plist.xml; path = Info.plist; sourceTree = "<group>"; };
		2B34DF9C27CD5FB1007C59FF /* ParstagramTests.xctest */ = {isa = PBXFileReference; explicitFileType = wrapper.cfbundle; includeInIndex = 0; path = ParstagramTests.xctest; sourceTree = BUILT_PRODUCTS_DIR; };
		2B34DFA027CD5FB1007C59FF /* ParstagramTests.swift */ = {isa = PBXFileReference; lastKnownFileType = sourcecode.swift; path = ParstagramTests.swift; sourceTree = "<group>"; };
		2B34DFA627CD5FB1007C59FF /* ParstagramUITests.xctest */ = {isa = PBXFileReference; explicitFileType = wrapper.cfbundle; includeInIndex = 0; path = ParstagramUITests.xctest; sourceTree = BUILT_PRODUCTS_DIR; };
		2B34DFAA27CD5FB1007C59FF /* ParstagramUITests.swift */ = {isa = PBXFileReference; lastKnownFileType = sourcecode.swift; path = ParstagramUITests.swift; sourceTree = "<group>"; };
		2B34DFAC27CD5FB1007C59FF /* ParstagramUITestsLaunchTests.swift */ = {isa = PBXFileReference; lastKnownFileType = sourcecode.swift; path = ParstagramUITestsLaunchTests.swift; sourceTree = "<group>"; };
		2B34DFB927CD92F6007C59FF /* LoginViewController.swift */ = {isa = PBXFileReference; lastKnownFileType = sourcecode.swift; path = LoginViewController.swift; sourceTree = "<group>"; };
		2B54418127CDCDB200ABAC5D /* CameraViewController.swift */ = {isa = PBXFileReference; lastKnownFileType = sourcecode.swift; path = CameraViewController.swift; sourceTree = "<group>"; };
		2B66D9F127CD96A60047F9A8 /* FeedViewController.swift */ = {isa = PBXFileReference; lastKnownFileType = sourcecode.swift; path = FeedViewController.swift; sourceTree = "<group>"; };
		5E873007EC947CEC22643B65 /* Pods-Parstagram-ParstagramUITests.debug.xcconfig */ = {isa = PBXFileReference; includeInIndex = 1; lastKnownFileType = text.xcconfig; name = "Pods-Parstagram-ParstagramUITests.debug.xcconfig"; path = "Target Support Files/Pods-Parstagram-ParstagramUITests/Pods-Parstagram-ParstagramUITests.debug.xcconfig"; sourceTree = "<group>"; };
		6D4FD559305A5CE988315014 /* Pods-ParstagramTests.debug.xcconfig */ = {isa = PBXFileReference; includeInIndex = 1; lastKnownFileType = text.xcconfig; name = "Pods-ParstagramTests.debug.xcconfig"; path = "Target Support Files/Pods-ParstagramTests/Pods-ParstagramTests.debug.xcconfig"; sourceTree = "<group>"; };
		7FFE2F8A45ADAE014CDC1BC2 /* Pods-Parstagram.release.xcconfig */ = {isa = PBXFileReference; includeInIndex = 1; lastKnownFileType = text.xcconfig; name = "Pods-Parstagram.release.xcconfig"; path = "Target Support Files/Pods-Parstagram/Pods-Parstagram.release.xcconfig"; sourceTree = "<group>"; };
		C19C6E81CE184D6D217D51D6 /* Pods-Parstagram.debug.xcconfig */ = {isa = PBXFileReference; includeInIndex = 1; lastKnownFileType = text.xcconfig; name = "Pods-Parstagram.debug.xcconfig"; path = "Target Support Files/Pods-Parstagram/Pods-Parstagram.debug.xcconfig"; sourceTree = "<group>"; };
		DDB782ADF2174A51CB6EC94B /* Pods_Parstagram_ParstagramUITests.framework */ = {isa = PBXFileReference; explicitFileType = wrapper.framework; includeInIndex = 0; path = Pods_Parstagram_ParstagramUITests.framework; sourceTree = BUILT_PRODUCTS_DIR; };
		E07BE5E6F8687AE8AD434795 /* Pods-ParstagramTests.release.xcconfig */ = {isa = PBXFileReference; includeInIndex = 1; lastKnownFileType = text.xcconfig; name = "Pods-ParstagramTests.release.xcconfig"; path = "Target Support Files/Pods-ParstagramTests/Pods-ParstagramTests.release.xcconfig"; sourceTree = "<group>"; };
		F0937B11EC06BD54772B8196 /* Pods-Parstagram-ParstagramUITests.release.xcconfig */ = {isa = PBXFileReference; includeInIndex = 1; lastKnownFileType = text.xcconfig; name = "Pods-Parstagram-ParstagramUITests.release.xcconfig"; path = "Target Support Files/Pods-Parstagram-ParstagramUITests/Pods-Parstagram-ParstagramUITests.release.xcconfig"; sourceTree = "<group>"; };
/* End PBXFileReference section */

/* Begin PBXFrameworksBuildPhase section */
		2B34DF8327CD5FB0007C59FF /* Frameworks */ = {
			isa = PBXFrameworksBuildPhase;
			buildActionMask = 2147483647;
			files = (
				33D7276B1387D1990A451518 /* Pods_Parstagram.framework in Frameworks */,
			);
			runOnlyForDeploymentPostprocessing = 0;
		};
		2B34DF9927CD5FB1007C59FF /* Frameworks */ = {
			isa = PBXFrameworksBuildPhase;
			buildActionMask = 2147483647;
			files = (
				41C637FCCA0D361F983D82B5 /* Pods_ParstagramTests.framework in Frameworks */,
			);
			runOnlyForDeploymentPostprocessing = 0;
		};
		2B34DFA327CD5FB1007C59FF /* Frameworks */ = {
			isa = PBXFrameworksBuildPhase;
			buildActionMask = 2147483647;
			files = (
				E4B44390F884EB4A0E03EA09 /* Pods_Parstagram_ParstagramUITests.framework in Frameworks */,
			);
			runOnlyForDeploymentPostprocessing = 0;
		};
/* End PBXFrameworksBuildPhase section */

/* Begin PBXGroup section */
		2B34DF7D27CD5FB0007C59FF = {
			isa = PBXGroup;
			children = (
				2B34DF8827CD5FB0007C59FF /* Parstagram */,
				2B34DF9F27CD5FB1007C59FF /* ParstagramTests */,
				2B34DFA927CD5FB1007C59FF /* ParstagramUITests */,
				2B34DF8727CD5FB0007C59FF /* Products */,
				80E88580E73D830B40F6D41C /* Pods */,
				C937A8AF87D29BA941C2A04B /* Frameworks */,
			);
			sourceTree = "<group>";
		};
		2B34DF8727CD5FB0007C59FF /* Products */ = {
			isa = PBXGroup;
			children = (
				2B34DF8627CD5FB0007C59FF /* Parstagram.app */,
				2B34DF9C27CD5FB1007C59FF /* ParstagramTests.xctest */,
				2B34DFA627CD5FB1007C59FF /* ParstagramUITests.xctest */,
			);
			name = Products;
			sourceTree = "<group>";
		};
		2B34DF8827CD5FB0007C59FF /* Parstagram */ = {
			isa = PBXGroup;
			children = (
				2B34DF8927CD5FB0007C59FF /* AppDelegate.swift */,
				2B34DF8B27CD5FB0007C59FF /* SceneDelegate.swift */,
				2B34DF8D27CD5FB0007C59FF /* ViewController.swift */,
				2B34DF8F27CD5FB0007C59FF /* Main.storyboard */,
				2B34DFB927CD92F6007C59FF /* LoginViewController.swift */,
				2B34DF9227CD5FB1007C59FF /* Assets.xcassets */,
				2B34DF9427CD5FB1007C59FF /* LaunchScreen.storyboard */,
				2B66D9F127CD96A60047F9A8 /* FeedViewController.swift */,
				2B34DF9727CD5FB1007C59FF /* Info.plist */,
				2B54418127CDCDB200ABAC5D /* CameraViewController.swift */,
			);
			path = Parstagram;
			sourceTree = "<group>";
		};
		2B34DF9F27CD5FB1007C59FF /* ParstagramTests */ = {
			isa = PBXGroup;
			children = (
				2B34DFA027CD5FB1007C59FF /* ParstagramTests.swift */,
			);
			path = ParstagramTests;
			sourceTree = "<group>";
		};
		2B34DFA927CD5FB1007C59FF /* ParstagramUITests */ = {
			isa = PBXGroup;
			children = (
				2B34DFAA27CD5FB1007C59FF /* ParstagramUITests.swift */,
				2B34DFAC27CD5FB1007C59FF /* ParstagramUITestsLaunchTests.swift */,
			);
			path = ParstagramUITests;
			sourceTree = "<group>";
		};
		80E88580E73D830B40F6D41C /* Pods */ = {
			isa = PBXGroup;
			children = (
				C19C6E81CE184D6D217D51D6 /* Pods-Parstagram.debug.xcconfig */,
				7FFE2F8A45ADAE014CDC1BC2 /* Pods-Parstagram.release.xcconfig */,
				5E873007EC947CEC22643B65 /* Pods-Parstagram-ParstagramUITests.debug.xcconfig */,
				F0937B11EC06BD54772B8196 /* Pods-Parstagram-ParstagramUITests.release.xcconfig */,
				6D4FD559305A5CE988315014 /* Pods-ParstagramTests.debug.xcconfig */,
				E07BE5E6F8687AE8AD434795 /* Pods-ParstagramTests.release.xcconfig */,
			);
			path = Pods;
			sourceTree = "<group>";
		};
		C937A8AF87D29BA941C2A04B /* Frameworks */ = {
			isa = PBXGroup;
			children = (
				08AAB06F02298F9B090DE5DA /* Pods_Parstagram.framework */,
				DDB782ADF2174A51CB6EC94B /* Pods_Parstagram_ParstagramUITests.framework */,
				1D2ECEC08FB7529C45E9F222 /* Pods_ParstagramTests.framework */,
			);
			name = Frameworks;
			sourceTree = "<group>";
		};
/* End PBXGroup section */

/* Begin PBXNativeTarget section */
		2B34DF8527CD5FB0007C59FF /* Parstagram */ = {
			isa = PBXNativeTarget;
			buildConfigurationList = 2B34DFB027CD5FB1007C59FF /* Build configuration list for PBXNativeTarget "Parstagram" */;
			buildPhases = (
				58F90ACF56F798EF1BE14EBC /* [CP] Check Pods Manifest.lock */,
				2B34DF8227CD5FB0007C59FF /* Sources */,
				2B34DF8327CD5FB0007C59FF /* Frameworks */,
				2B34DF8427CD5FB0007C59FF /* Resources */,
				4C5153321E5D1D9861DCDDCB /* [CP] Embed Pods Frameworks */,
			);
			buildRules = (
			);
			dependencies = (
			);
			name = Parstagram;
			productName = Parstagram;
			productReference = 2B34DF8627CD5FB0007C59FF /* Parstagram.app */;
			productType = "com.apple.product-type.application";
		};
		2B34DF9B27CD5FB1007C59FF /* ParstagramTests */ = {
			isa = PBXNativeTarget;
			buildConfigurationList = 2B34DFB327CD5FB1007C59FF /* Build configuration list for PBXNativeTarget "ParstagramTests" */;
			buildPhases = (
				E6FFF79814359F4EFC8EC5C1 /* [CP] Check Pods Manifest.lock */,
				2B34DF9827CD5FB1007C59FF /* Sources */,
				2B34DF9927CD5FB1007C59FF /* Frameworks */,
				2B34DF9A27CD5FB1007C59FF /* Resources */,
			);
			buildRules = (
			);
			dependencies = (
				2B34DF9E27CD5FB1007C59FF /* PBXTargetDependency */,
			);
			name = ParstagramTests;
			productName = ParstagramTests;
			productReference = 2B34DF9C27CD5FB1007C59FF /* ParstagramTests.xctest */;
			productType = "com.apple.product-type.bundle.unit-test";
		};
		2B34DFA527CD5FB1007C59FF /* ParstagramUITests */ = {
			isa = PBXNativeTarget;
			buildConfigurationList = 2B34DFB627CD5FB1007C59FF /* Build configuration list for PBXNativeTarget "ParstagramUITests" */;
			buildPhases = (
				E0D997F3441259F11B514222 /* [CP] Check Pods Manifest.lock */,
				2B34DFA227CD5FB1007C59FF /* Sources */,
				2B34DFA327CD5FB1007C59FF /* Frameworks */,
				2B34DFA427CD5FB1007C59FF /* Resources */,
				44325E7F6529CF63B6540A38 /* [CP] Embed Pods Frameworks */,
			);
			buildRules = (
			);
			dependencies = (
				2B34DFA827CD5FB1007C59FF /* PBXTargetDependency */,
			);
			name = ParstagramUITests;
			productName = ParstagramUITests;
			productReference = 2B34DFA627CD5FB1007C59FF /* ParstagramUITests.xctest */;
			productType = "com.apple.product-type.bundle.ui-testing";
		};
/* End PBXNativeTarget section */

/* Begin PBXProject section */
		2B34DF7E27CD5FB0007C59FF /* Project object */ = {
			isa = PBXProject;
			attributes = {
				BuildIndependentTargetsInParallel = 1;
				LastSwiftUpdateCheck = 1320;
				LastUpgradeCheck = 1320;
				TargetAttributes = {
					2B34DF8527CD5FB0007C59FF = {
						CreatedOnToolsVersion = 13.2.1;
					};
					2B34DF9B27CD5FB1007C59FF = {
						CreatedOnToolsVersion = 13.2.1;
						TestTargetID = 2B34DF8527CD5FB0007C59FF;
					};
					2B34DFA527CD5FB1007C59FF = {
						CreatedOnToolsVersion = 13.2.1;
						TestTargetID = 2B34DF8527CD5FB0007C59FF;
					};
				};
			};
			buildConfigurationList = 2B34DF8127CD5FB0007C59FF /* Build configuration list for PBXProject "Parstagram" */;
			compatibilityVersion = "Xcode 13.0";
			developmentRegion = en;
			hasScannedForEncodings = 0;
			knownRegions = (
				en,
				Base,
			);
			mainGroup = 2B34DF7D27CD5FB0007C59FF;
			productRefGroup = 2B34DF8727CD5FB0007C59FF /* Products */;
			projectDirPath = "";
			projectRoot = "";
			targets = (
				2B34DF8527CD5FB0007C59FF /* Parstagram */,
				2B34DF9B27CD5FB1007C59FF /* ParstagramTests */,
				2B34DFA527CD5FB1007C59FF /* ParstagramUITests */,
			);
		};
/* End PBXProject section */

/* Begin PBXResourcesBuildPhase section */
		2B34DF8427CD5FB0007C59FF /* Resources */ = {
			isa = PBXResourcesBuildPhase;
			buildActionMask = 2147483647;
			files = (
				2B34DF9627CD5FB1007C59FF /* LaunchScreen.storyboard in Resources */,
				2B34DF9327CD5FB1007C59FF /* Assets.xcassets in Resources */,
				2B34DF9127CD5FB0007C59FF /* Main.storyboard in Resources */,
			);
			runOnlyForDeploymentPostprocessing = 0;
		};
		2B34DF9A27CD5FB1007C59FF /* Resources */ = {
			isa = PBXResourcesBuildPhase;
			buildActionMask = 2147483647;
			files = (
			);
			runOnlyForDeploymentPostprocessing = 0;
		};
		2B34DFA427CD5FB1007C59FF /* Resources */ = {
			isa = PBXResourcesBuildPhase;
			buildActionMask = 2147483647;
			files = (
			);
			runOnlyForDeploymentPostprocessing = 0;
		};
/* End PBXResourcesBuildPhase section */

/* Begin PBXShellScriptBuildPhase section */
		44325E7F6529CF63B6540A38 /* [CP] Embed Pods Frameworks */ = {
			isa = PBXShellScriptBuildPhase;
			buildActionMask = 2147483647;
			files = (
			);
			inputFileListPaths = (
				"${PODS_ROOT}/Target Support Files/Pods-Parstagram-ParstagramUITests/Pods-Parstagram-ParstagramUITests-frameworks-${CONFIGURATION}-input-files.xcfilelist",
			);
			name = "[CP] Embed Pods Frameworks";
			outputFileListPaths = (
				"${PODS_ROOT}/Target Support Files/Pods-Parstagram-ParstagramUITests/Pods-Parstagram-ParstagramUITests-frameworks-${CONFIGURATION}-output-files.xcfilelist",
			);
			runOnlyForDeploymentPostprocessing = 0;
			shellPath = /bin/sh;
			shellScript = "\"${PODS_ROOT}/Target Support Files/Pods-Parstagram-ParstagramUITests/Pods-Parstagram-ParstagramUITests-frameworks.sh\"\n";
			showEnvVarsInLog = 0;
		};
		4C5153321E5D1D9861DCDDCB /* [CP] Embed Pods Frameworks */ = {
			isa = PBXShellScriptBuildPhase;
			buildActionMask = 2147483647;
			files = (
			);
			inputFileListPaths = (
				"${PODS_ROOT}/Target Support Files/Pods-Parstagram/Pods-Parstagram-frameworks-${CONFIGURATION}-input-files.xcfilelist",
			);
			name = "[CP] Embed Pods Frameworks";
			outputFileListPaths = (
				"${PODS_ROOT}/Target Support Files/Pods-Parstagram/Pods-Parstagram-frameworks-${CONFIGURATION}-output-files.xcfilelist",
			);
			runOnlyForDeploymentPostprocessing = 0;
			shellPath = /bin/sh;
			shellScript = "\"${PODS_ROOT}/Target Support Files/Pods-Parstagram/Pods-Parstagram-frameworks.sh\"\n";
			showEnvVarsInLog = 0;
		};
		58F90ACF56F798EF1BE14EBC /* [CP] Check Pods Manifest.lock */ = {
			isa = PBXShellScriptBuildPhase;
			buildActionMask = 2147483647;
			files = (
			);
			inputFileListPaths = (
			);
			inputPaths = (
				"${PODS_PODFILE_DIR_PATH}/Podfile.lock",
				"${PODS_ROOT}/Manifest.lock",
			);
			name = "[CP] Check Pods Manifest.lock";
			outputFileListPaths = (
			);
			outputPaths = (
				"$(DERIVED_FILE_DIR)/Pods-Parstagram-checkManifestLockResult.txt",
			);
			runOnlyForDeploymentPostprocessing = 0;
			shellPath = /bin/sh;
			shellScript = "diff \"${PODS_PODFILE_DIR_PATH}/Podfile.lock\" \"${PODS_ROOT}/Manifest.lock\" > /dev/null\nif [ $? != 0 ] ; then\n    # print error to STDERR\n    echo \"error: The sandbox is not in sync with the Podfile.lock. Run 'pod install' or update your CocoaPods installation.\" >&2\n    exit 1\nfi\n# This output is used by Xcode 'outputs' to avoid re-running this script phase.\necho \"SUCCESS\" > \"${SCRIPT_OUTPUT_FILE_0}\"\n";
			showEnvVarsInLog = 0;
		};
		E0D997F3441259F11B514222 /* [CP] Check Pods Manifest.lock */ = {
			isa = PBXShellScriptBuildPhase;
			buildActionMask = 2147483647;
			files = (
			);
			inputFileListPaths = (
			);
			inputPaths = (
				"${PODS_PODFILE_DIR_PATH}/Podfile.lock",
				"${PODS_ROOT}/Manifest.lock",
			);
			name = "[CP] Check Pods Manifest.lock";
			outputFileListPaths = (
			);
			outputPaths = (
				"$(DERIVED_FILE_DIR)/Pods-Parstagram-ParstagramUITests-checkManifestLockResult.txt",
			);
			runOnlyForDeploymentPostprocessing = 0;
			shellPath = /bin/sh;
			shellScript = "diff \"${PODS_PODFILE_DIR_PATH}/Podfile.lock\" \"${PODS_ROOT}/Manifest.lock\" > /dev/null\nif [ $? != 0 ] ; then\n    # print error to STDERR\n    echo \"error: The sandbox is not in sync with the Podfile.lock. Run 'pod install' or update your CocoaPods installation.\" >&2\n    exit 1\nfi\n# This output is used by Xcode 'outputs' to avoid re-running this script phase.\necho \"SUCCESS\" > \"${SCRIPT_OUTPUT_FILE_0}\"\n";
			showEnvVarsInLog = 0;
		};
		E6FFF79814359F4EFC8EC5C1 /* [CP] Check Pods Manifest.lock */ = {
			isa = PBXShellScriptBuildPhase;
			buildActionMask = 2147483647;
			files = (
			);
			inputFileListPaths = (
			);
			inputPaths = (
				"${PODS_PODFILE_DIR_PATH}/Podfile.lock",
				"${PODS_ROOT}/Manifest.lock",
			);
			name = "[CP] Check Pods Manifest.lock";
			outputFileListPaths = (
			);
			outputPaths = (
				"$(DERIVED_FILE_DIR)/Pods-ParstagramTests-checkManifestLockResult.txt",
			);
			runOnlyForDeploymentPostprocessing = 0;
			shellPath = /bin/sh;
			shellScript = "diff \"${PODS_PODFILE_DIR_PATH}/Podfile.lock\" \"${PODS_ROOT}/Manifest.lock\" > /dev/null\nif [ $? != 0 ] ; then\n    # print error to STDERR\n    echo \"error: The sandbox is not in sync with the Podfile.lock. Run 'pod install' or update your CocoaPods installation.\" >&2\n    exit 1\nfi\n# This output is used by Xcode 'outputs' to avoid re-running this script phase.\necho \"SUCCESS\" > \"${SCRIPT_OUTPUT_FILE_0}\"\n";
			showEnvVarsInLog = 0;
		};
/* End PBXShellScriptBuildPhase section */

/* Begin PBXSourcesBuildPhase section */
		2B34DF8227CD5FB0007C59FF /* Sources */ = {
			isa = PBXSourcesBuildPhase;
			buildActionMask = 2147483647;
			files = (
				2B34DFBA27CD92F6007C59FF /* LoginViewController.swift in Sources */,
				2B34DF8E27CD5FB0007C59FF /* ViewController.swift in Sources */,
				2B66D9F227CD96A60047F9A8 /* FeedViewController.swift in Sources */,
				2B34DF8A27CD5FB0007C59FF /* AppDelegate.swift in Sources */,
				2B34DF8C27CD5FB0007C59FF /* SceneDelegate.swift in Sources */,
				2B54418227CDCDB200ABAC5D /* CameraViewController.swift in Sources */,
			);
			runOnlyForDeploymentPostprocessing = 0;
		};
		2B34DF9827CD5FB1007C59FF /* Sources */ = {
			isa = PBXSourcesBuildPhase;
			buildActionMask = 2147483647;
			files = (
				2B34DFA127CD5FB1007C59FF /* ParstagramTests.swift in Sources */,
			);
			runOnlyForDeploymentPostprocessing = 0;
		};
		2B34DFA227CD5FB1007C59FF /* Sources */ = {
			isa = PBXSourcesBuildPhase;
			buildActionMask = 2147483647;
			files = (
				2B34DFAD27CD5FB1007C59FF /* ParstagramUITestsLaunchTests.swift in Sources */,
				2B34DFAB27CD5FB1007C59FF /* ParstagramUITests.swift in Sources */,
			);
			runOnlyForDeploymentPostprocessing = 0;
		};
/* End PBXSourcesBuildPhase section */

/* Begin PBXTargetDependency section */
		2B34DF9E27CD5FB1007C59FF /* PBXTargetDependency */ = {
			isa = PBXTargetDependency;
			target = 2B34DF8527CD5FB0007C59FF /* Parstagram */;
			targetProxy = 2B34DF9D27CD5FB1007C59FF /* PBXContainerItemProxy */;
		};
		2B34DFA827CD5FB1007C59FF /* PBXTargetDependency */ = {
			isa = PBXTargetDependency;
			target = 2B34DF8527CD5FB0007C59FF /* Parstagram */;
			targetProxy = 2B34DFA727CD5FB1007C59FF /* PBXContainerItemProxy */;
		};
/* End PBXTargetDependency section */

/* Begin PBXVariantGroup section */
		2B34DF8F27CD5FB0007C59FF /* Main.storyboard */ = {
			isa = PBXVariantGroup;
			children = (
				2B34DF9027CD5FB0007C59FF /* Base */,
			);
			name = Main.storyboard;
			sourceTree = "<group>";
		};
		2B34DF9427CD5FB1007C59FF /* LaunchScreen.storyboard */ = {
			isa = PBXVariantGroup;
			children = (
				2B34DF9527CD5FB1007C59FF /* Base */,
			);
			name = LaunchScreen.storyboard;
			sourceTree = "<group>";
		};
/* End PBXVariantGroup section */

/* Begin XCBuildConfiguration section */
		2B34DFAE27CD5FB1007C59FF /* Debug */ = {
			isa = XCBuildConfiguration;
			buildSettings = {
				ALWAYS_SEARCH_USER_PATHS = NO;
				CLANG_ANALYZER_NONNULL = YES;
				CLANG_ANALYZER_NUMBER_OBJECT_CONVERSION = YES_AGGRESSIVE;
				CLANG_CXX_LANGUAGE_STANDARD = "gnu++17";
				CLANG_CXX_LIBRARY = "libc++";
				CLANG_ENABLE_MODULES = YES;
				CLANG_ENABLE_OBJC_ARC = YES;
				CLANG_ENABLE_OBJC_WEAK = YES;
				CLANG_WARN_BLOCK_CAPTURE_AUTORELEASING = YES;
				CLANG_WARN_BOOL_CONVERSION = YES;
				CLANG_WARN_COMMA = YES;
				CLANG_WARN_CONSTANT_CONVERSION = YES;
				CLANG_WARN_DEPRECATED_OBJC_IMPLEMENTATIONS = YES;
				CLANG_WARN_DIRECT_OBJC_ISA_USAGE = YES_ERROR;
				CLANG_WARN_DOCUMENTATION_COMMENTS = YES;
				CLANG_WARN_EMPTY_BODY = YES;
				CLANG_WARN_ENUM_CONVERSION = YES;
				CLANG_WARN_INFINITE_RECURSION = YES;
				CLANG_WARN_INT_CONVERSION = YES;
				CLANG_WARN_NON_LITERAL_NULL_CONVERSION = YES;
				CLANG_WARN_OBJC_IMPLICIT_RETAIN_SELF = YES;
				CLANG_WARN_OBJC_LITERAL_CONVERSION = YES;
				CLANG_WARN_OBJC_ROOT_CLASS = YES_ERROR;
				CLANG_WARN_QUOTED_INCLUDE_IN_FRAMEWORK_HEADER = YES;
				CLANG_WARN_RANGE_LOOP_ANALYSIS = YES;
				CLANG_WARN_STRICT_PROTOTYPES = YES;
				CLANG_WARN_SUSPICIOUS_MOVE = YES;
				CLANG_WARN_UNGUARDED_AVAILABILITY = YES_AGGRESSIVE;
				CLANG_WARN_UNREACHABLE_CODE = YES;
				CLANG_WARN__DUPLICATE_METHOD_MATCH = YES;
				COPY_PHASE_STRIP = NO;
				DEBUG_INFORMATION_FORMAT = dwarf;
				ENABLE_STRICT_OBJC_MSGSEND = YES;
				ENABLE_TESTABILITY = YES;
				GCC_C_LANGUAGE_STANDARD = gnu11;
				GCC_DYNAMIC_NO_PIC = NO;
				GCC_NO_COMMON_BLOCKS = YES;
				GCC_OPTIMIZATION_LEVEL = 0;
				GCC_PREPROCESSOR_DEFINITIONS = (
					"DEBUG=1",
					"$(inherited)",
				);
				GCC_WARN_64_TO_32_BIT_CONVERSION = YES;
				GCC_WARN_ABOUT_RETURN_TYPE = YES_ERROR;
				GCC_WARN_UNDECLARED_SELECTOR = YES;
				GCC_WARN_UNINITIALIZED_AUTOS = YES_AGGRESSIVE;
				GCC_WARN_UNUSED_FUNCTION = YES;
				GCC_WARN_UNUSED_VARIABLE = YES;
				IPHONEOS_DEPLOYMENT_TARGET = 15.2;
				MTL_ENABLE_DEBUG_INFO = INCLUDE_SOURCE;
				MTL_FAST_MATH = YES;
				ONLY_ACTIVE_ARCH = YES;
				SDKROOT = iphoneos;
				SWIFT_ACTIVE_COMPILATION_CONDITIONS = DEBUG;
				SWIFT_OPTIMIZATION_LEVEL = "-Onone";
			};
			name = Debug;
		};
		2B34DFAF27CD5FB1007C59FF /* Release */ = {
			isa = XCBuildConfiguration;
			buildSettings = {
				ALWAYS_SEARCH_USER_PATHS = NO;
				CLANG_ANALYZER_NONNULL = YES;
				CLANG_ANALYZER_NUMBER_OBJECT_CONVERSION = YES_AGGRESSIVE;
				CLANG_CXX_LANGUAGE_STANDARD = "gnu++17";
				CLANG_CXX_LIBRARY = "libc++";
				CLANG_ENABLE_MODULES = YES;
				CLANG_ENABLE_OBJC_ARC = YES;
				CLANG_ENABLE_OBJC_WEAK = YES;
				CLANG_WARN_BLOCK_CAPTURE_AUTORELEASING = YES;
				CLANG_WARN_BOOL_CONVERSION = YES;
				CLANG_WARN_COMMA = YES;
				CLANG_WARN_CONSTANT_CONVERSION = YES;
				CLANG_WARN_DEPRECATED_OBJC_IMPLEMENTATIONS = YES;
				CLANG_WARN_DIRECT_OBJC_ISA_USAGE = YES_ERROR;
				CLANG_WARN_DOCUMENTATION_COMMENTS = YES;
				CLANG_WARN_EMPTY_BODY = YES;
				CLANG_WARN_ENUM_CONVERSION = YES;
				CLANG_WARN_INFINITE_RECURSION = YES;
				CLANG_WARN_INT_CONVERSION = YES;
				CLANG_WARN_NON_LITERAL_NULL_CONVERSION = YES;
				CLANG_WARN_OBJC_IMPLICIT_RETAIN_SELF = YES;
				CLANG_WARN_OBJC_LITERAL_CONVERSION = YES;
				CLANG_WARN_OBJC_ROOT_CLASS = YES_ERROR;
				CLANG_WARN_QUOTED_INCLUDE_IN_FRAMEWORK_HEADER = YES;
				CLANG_WARN_RANGE_LOOP_ANALYSIS = YES;
				CLANG_WARN_STRICT_PROTOTYPES = YES;
				CLANG_WARN_SUSPICIOUS_MOVE = YES;
				CLANG_WARN_UNGUARDED_AVAILABILITY = YES_AGGRESSIVE;
				CLANG_WARN_UNREACHABLE_CODE = YES;
				CLANG_WARN__DUPLICATE_METHOD_MATCH = YES;
				COPY_PHASE_STRIP = NO;
				DEBUG_INFORMATION_FORMAT = "dwarf-with-dsym";
				ENABLE_NS_ASSERTIONS = NO;
				ENABLE_STRICT_OBJC_MSGSEND = YES;
				GCC_C_LANGUAGE_STANDARD = gnu11;
				GCC_NO_COMMON_BLOCKS = YES;
				GCC_WARN_64_TO_32_BIT_CONVERSION = YES;
				GCC_WARN_ABOUT_RETURN_TYPE = YES_ERROR;
				GCC_WARN_UNDECLARED_SELECTOR = YES;
				GCC_WARN_UNINITIALIZED_AUTOS = YES_AGGRESSIVE;
				GCC_WARN_UNUSED_FUNCTION = YES;
				GCC_WARN_UNUSED_VARIABLE = YES;
				IPHONEOS_DEPLOYMENT_TARGET = 15.2;
				MTL_ENABLE_DEBUG_INFO = NO;
				MTL_FAST_MATH = YES;
				SDKROOT = iphoneos;
				SWIFT_COMPILATION_MODE = wholemodule;
				SWIFT_OPTIMIZATION_LEVEL = "-O";
				VALIDATE_PRODUCT = YES;
			};
			name = Release;
		};
		2B34DFB127CD5FB1007C59FF /* Debug */ = {
			isa = XCBuildConfiguration;
			baseConfigurationReference = C19C6E81CE184D6D217D51D6 /* Pods-Parstagram.debug.xcconfig */;
			buildSettings = {
				ASSETCATALOG_COMPILER_APPICON_NAME = AppIcon;
				ASSETCATALOG_COMPILER_GLOBAL_ACCENT_COLOR_NAME = AccentColor;
				CODE_SIGN_STYLE = Automatic;
				CURRENT_PROJECT_VERSION = 1;
				DEVELOPMENT_TEAM = 3234VKQDM5;
				GENERATE_INFOPLIST_FILE = YES;
				INFOPLIST_FILE = Parstagram/Info.plist;
				INFOPLIST_KEY_UIApplicationSupportsIndirectInputEvents = YES;
				INFOPLIST_KEY_UILaunchStoryboardName = LaunchScreen;
				INFOPLIST_KEY_UIMainStoryboardFile = Main;
				INFOPLIST_KEY_UISupportedInterfaceOrientations_iPad = "UIInterfaceOrientationPortrait UIInterfaceOrientationPortraitUpsideDown UIInterfaceOrientationLandscapeLeft UIInterfaceOrientationLandscapeRight";
				INFOPLIST_KEY_UISupportedInterfaceOrientations_iPhone = "UIInterfaceOrientationPortrait UIInterfaceOrientationLandscapeLeft UIInterfaceOrientationLandscapeRight";
				LD_RUNPATH_SEARCH_PATHS = (
					"$(inherited)",
					"@executable_path/Frameworks",
				);
				MARKETING_VERSION = 1.0;
				PRODUCT_BUNDLE_IDENTIFIER = memo.com.Parstagram;
				PRODUCT_NAME = "$(TARGET_NAME)";
				SWIFT_EMIT_LOC_STRINGS = YES;
				SWIFT_VERSION = 5.0;
				TARGETED_DEVICE_FAMILY = "1,2";
			};
			name = Debug;
		};
		2B34DFB227CD5FB1007C59FF /* Release */ = {
			isa = XCBuildConfiguration;
			baseConfigurationReference = 7FFE2F8A45ADAE014CDC1BC2 /* Pods-Parstagram.release.xcconfig */;
			buildSettings = {
				ASSETCATALOG_COMPILER_APPICON_NAME = AppIcon;
				ASSETCATALOG_COMPILER_GLOBAL_ACCENT_COLOR_NAME = AccentColor;
				CODE_SIGN_STYLE = Automatic;
				CURRENT_PROJECT_VERSION = 1;
				DEVELOPMENT_TEAM = 3234VKQDM5;
				GENERATE_INFOPLIST_FILE = YES;
				INFOPLIST_FILE = Parstagram/Info.plist;
				INFOPLIST_KEY_UIApplicationSupportsIndirectInputEvents = YES;
				INFOPLIST_KEY_UILaunchStoryboardName = LaunchScreen;
				INFOPLIST_KEY_UIMainStoryboardFile = Main;
				INFOPLIST_KEY_UISupportedInterfaceOrientations_iPad = "UIInterfaceOrientationPortrait UIInterfaceOrientationPortraitUpsideDown UIInterfaceOrientationLandscapeLeft UIInterfaceOrientationLandscapeRight";
				INFOPLIST_KEY_UISupportedInterfaceOrientations_iPhone = "UIInterfaceOrientationPortrait UIInterfaceOrientationLandscapeLeft UIInterfaceOrientationLandscapeRight";
				LD_RUNPATH_SEARCH_PATHS = (
					"$(inherited)",
					"@executable_path/Frameworks",
				);
				MARKETING_VERSION = 1.0;
				PRODUCT_BUNDLE_IDENTIFIER = memo.com.Parstagram;
				PRODUCT_NAME = "$(TARGET_NAME)";
				SWIFT_EMIT_LOC_STRINGS = YES;
				SWIFT_VERSION = 5.0;
				TARGETED_DEVICE_FAMILY = "1,2";
			};
			name = Release;
		};
		2B34DFB427CD5FB1007C59FF /* Debug */ = {
			isa = XCBuildConfiguration;
			baseConfigurationReference = 6D4FD559305A5CE988315014 /* Pods-ParstagramTests.debug.xcconfig */;
			buildSettings = {
				ALWAYS_EMBED_SWIFT_STANDARD_LIBRARIES = YES;
				BUNDLE_LOADER = "$(TEST_HOST)";
				CODE_SIGN_STYLE = Automatic;
				CURRENT_PROJECT_VERSION = 1;
				DEVELOPMENT_TEAM = 3234VKQDM5;
				GENERATE_INFOPLIST_FILE = YES;
				IPHONEOS_DEPLOYMENT_TARGET = 15.2;
				MARKETING_VERSION = 1.0;
				PRODUCT_BUNDLE_IDENTIFIER = memo.com.ParstagramTests;
				PRODUCT_NAME = "$(TARGET_NAME)";
				SWIFT_EMIT_LOC_STRINGS = NO;
				SWIFT_VERSION = 5.0;
				TARGETED_DEVICE_FAMILY = "1,2";
				TEST_HOST = "$(BUILT_PRODUCTS_DIR)/Parstagram.app/Parstagram";
			};
			name = Debug;
		};
		2B34DFB527CD5FB1007C59FF /* Release */ = {
			isa = XCBuildConfiguration;
			baseConfigurationReference = E07BE5E6F8687AE8AD434795 /* Pods-ParstagramTests.release.xcconfig */;
			buildSettings = {
				ALWAYS_EMBED_SWIFT_STANDARD_LIBRARIES = YES;
				BUNDLE_LOADER = "$(TEST_HOST)";
				CODE_SIGN_STYLE = Automatic;
				CURRENT_PROJECT_VERSION = 1;
				DEVELOPMENT_TEAM = 3234VKQDM5;
				GENERATE_INFOPLIST_FILE = YES;
				IPHONEOS_DEPLOYMENT_TARGET = 15.2;
				MARKETING_VERSION = 1.0;
				PRODUCT_BUNDLE_IDENTIFIER = memo.com.ParstagramTests;
				PRODUCT_NAME = "$(TARGET_NAME)";
				SWIFT_EMIT_LOC_STRINGS = NO;
				SWIFT_VERSION = 5.0;
				TARGETED_DEVICE_FAMILY = "1,2";
				TEST_HOST = "$(BUILT_PRODUCTS_DIR)/Parstagram.app/Parstagram";
			};
			name = Release;
		};
		2B34DFB727CD5FB1007C59FF /* Debug */ = {
			isa = XCBuildConfiguration;
			baseConfigurationReference = 5E873007EC947CEC22643B65 /* Pods-Parstagram-ParstagramUITests.debug.xcconfig */;
			buildSettings = {
				ALWAYS_EMBED_SWIFT_STANDARD_LIBRARIES = YES;
				CODE_SIGN_STYLE = Automatic;
				CURRENT_PROJECT_VERSION = 1;
				DEVELOPMENT_TEAM = 3234VKQDM5;
				GENERATE_INFOPLIST_FILE = YES;
				MARKETING_VERSION = 1.0;
				PRODUCT_BUNDLE_IDENTIFIER = memo.com.ParstagramUITests;
				PRODUCT_NAME = "$(TARGET_NAME)";
				SWIFT_EMIT_LOC_STRINGS = NO;
				SWIFT_VERSION = 5.0;
				TARGETED_DEVICE_FAMILY = "1,2";
				TEST_TARGET_NAME = Parstagram;
			};
			name = Debug;
		};
		2B34DFB827CD5FB1007C59FF /* Release */ = {
			isa = XCBuildConfiguration;
			baseConfigurationReference = F0937B11EC06BD54772B8196 /* Pods-Parstagram-ParstagramUITests.release.xcconfig */;
			buildSettings = {
				ALWAYS_EMBED_SWIFT_STANDARD_LIBRARIES = YES;
				CODE_SIGN_STYLE = Automatic;
				CURRENT_PROJECT_VERSION = 1;
				DEVELOPMENT_TEAM = 3234VKQDM5;
				GENERATE_INFOPLIST_FILE = YES;
				MARKETING_VERSION = 1.0;
				PRODUCT_BUNDLE_IDENTIFIER = memo.com.ParstagramUITests;
				PRODUCT_NAME = "$(TARGET_NAME)";
				SWIFT_EMIT_LOC_STRINGS = NO;
				SWIFT_VERSION = 5.0;
				TARGETED_DEVICE_FAMILY = "1,2";
				TEST_TARGET_NAME = Parstagram;
			};
			name = Release;
		};
/* End XCBuildConfiguration section */

/* Begin XCConfigurationList section */
		2B34DF8127CD5FB0007C59FF /* Build configuration list for PBXProject "Parstagram" */ = {
			isa = XCConfigurationList;
			buildConfigurations = (
				2B34DFAE27CD5FB1007C59FF /* Debug */,
				2B34DFAF27CD5FB1007C59FF /* Release */,
			);
			defaultConfigurationIsVisible = 0;
			defaultConfigurationName = Release;
		};
		2B34DFB027CD5FB1007C59FF /* Build configuration list for PBXNativeTarget "Parstagram" */ = {
			isa = XCConfigurationList;
			buildConfigurations = (
				2B34DFB127CD5FB1007C59FF /* Debug */,
				2B34DFB227CD5FB1007C59FF /* Release */,
			);
			defaultConfigurationIsVisible = 0;
			defaultConfigurationName = Release;
		};
		2B34DFB327CD5FB1007C59FF /* Build configuration list for PBXNativeTarget "ParstagramTests" */ = {
			isa = XCConfigurationList;
			buildConfigurations = (
				2B34DFB427CD5FB1007C59FF /* Debug */,
				2B34DFB527CD5FB1007C59FF /* Release */,
			);
			defaultConfigurationIsVisible = 0;
			defaultConfigurationName = Release;
		};
		2B34DFB627CD5FB1007C59FF /* Build configuration list for PBXNativeTarget "ParstagramUITests" */ = {
			isa = XCConfigurationList;
			buildConfigurations = (
				2B34DFB727CD5FB1007C59FF /* Debug */,
				2B34DFB827CD5FB1007C59FF /* Release */,
			);
			defaultConfigurationIsVisible = 0;
			defaultConfigurationName = Release;
		};
/* End XCConfigurationList section */
	};
	rootObject = 2B34DF7E27CD5FB0007C59FF /* Project object */;
}
